{
  "name": "scraper-python-sls",
  "version": "0.1.0",
  "lockfileVersion": 1,
  "requires": true,
  "dependencies": {
    "serverless-functions-base-path": {
      "version": "1.0.32",
      "resolved": "https://registry.npmjs.org/serverless-functions-base-path/-/serverless-functions-base-path-1.0.32.tgz",
      "integrity": "sha512-plowyy28cSWX1kfkkSZOpLymdiruVxUCiM/qtGIBTUmenPB2h0i+QK/i1pRhOGYK+fR+vZbOHzdNPB+QZfbdRw==",
      "dev": true
    }
  }
}
